{
  "name": "axolotlsay-bun",
  "version": "0.4.0",
  "lockfileVersion": 3,
  "requires": true,
  "packages": {
    "": {
      "name": "axolotlsay-bun",
      "version": "0.4.0",
      "license": "MIT-or-Apache2.0",
      "dependencies": {
        "yargs": "^17.7.2"
      },
      "bin": {
        "axolotlsay-bun": "index.js"
      },
      "devDependencies": {
        "bun": "^1.1.21"
      }
    },
    "node_modules/@oven/bun-darwin-aarch64": {
      "version": "1.1.21",
      "resolved": "https://registry.npmjs.org/@oven/bun-darwin-aarch64/-/bun-darwin-aarch64-1.1.21.tgz",
      "integrity": "sha512-n1hZewJPZg5XcubisWDaKn/wLaldgagAWya3ZuMBuFwsz4PnGTeQ7Wl3aBe7XzW6fNUAd+ZIfvfNYBRNv1R7Rw==",
      "cpu": [
        "arm64"
      ],
      "dev": true,
      "license": "MIT",
      "optional": true,
      "os": [
        "darwin"
      ]
    },
    "node_modules/@oven/bun-darwin-x64": {
      "version": "1.1.21",
      "resolved": "https://registry.npmjs.org/@oven/bun-darwin-x64/-/bun-darwin-x64-1.1.21.tgz",
      "integrity": "sha512-Vr7tz6UBrtkJ0UMCQBRhKH/JThWxkZWnGAmcGFf8h3zFgMfCaTmmWzB4PSCad1wu+4GCrmVoEG8P7MY8+TmS7w==",
      "cpu": [
        "x64"
      ],
      "dev": true,
      "license": "MIT",
      "optional": true,
      "os": [
        "darwin"
      ]
    },
    "node_modules/@oven/bun-darwin-x64-baseline": {
      "version": "1.1.21",
      "resolved": "https://registry.npmjs.org/@oven/bun-darwin-x64-baseline/-/bun-darwin-x64-baseline-1.1.21.tgz",
      "integrity": "sha512-4MhDFYONGIg2MqO56u6H/X9TD3+hbDQpOjlGdl7J0aUiV47b3k7vLn5hENYEjAIBR3g744E23rIw4FQAXakFMw==",
      "cpu": [
        "x64"
      ],
      "dev": true,
      "license": "MIT",
      "optional": true,
      "os": [
        "darwin"
      ]
    },
    "node_modules/@oven/bun-linux-aarch64": {
      "version": "1.1.21",
      "resolved": "https://registry.npmjs.org/@oven/bun-linux-aarch64/-/bun-linux-aarch64-1.1.21.tgz",
      "integrity": "sha512-0avxsNle8QOLsDwo1lqO1o2Mv1bLp3RlVr83XNV2yGVnzCwZmupQcI76fcc2e+Y+YU173xCUasMkiIbguS271g==",
      "cpu": [
        "arm64"
      ],
      "dev": true,
      "license": "MIT",
      "optional": true,
      "os": [
        "linux"
      ]
    },
    "node_modules/@oven/bun-linux-x64": {
      "version": "1.1.21",
      "resolved": "https://registry.npmjs.org/@oven/bun-linux-x64/-/bun-linux-x64-1.1.21.tgz",
      "integrity": "sha512-zmps8oWLE2L+9Cn6oQPbcxIWDIjOT1txbYAv9zlcd84I12DXiB++e/PEE8dPe/3powygCpwZM9b7gZfTv9sx0w==",
      "cpu": [
        "x64"
      ],
      "dev": true,
      "license": "MIT",
      "optional": true,
      "os": [
        "linux"
      ]
    },
    "node_modules/@oven/bun-linux-x64-baseline": {
      "version": "1.1.21",
      "resolved": "https://registry.npmjs.org/@oven/bun-linux-x64-baseline/-/bun-linux-x64-baseline-1.1.21.tgz",
      "integrity": "sha512-HT+PEWa2PY73gBrNuUHrihsGNOBQKp6s6IzAqHUfmDlIyXYaEvRYUZg6vEqyRRSuNcCC6PiQDHWZP99OT2VMZg==",
      "cpu": [
        "x64"
      ],
      "dev": true,
      "license": "MIT",
      "optional": true,
      "os": [
        "linux"
      ]
    },
    "node_modules/@oven/bun-windows-x64": {
      "version": "1.1.21",
      "resolved": "https://registry.npmjs.org/@oven/bun-windows-x64/-/bun-windows-x64-1.1.21.tgz",
      "integrity": "sha512-p9rjwZPiJJtBafJ7MoJvmqyCA4QxVVpM7QaDx6Lhqua7b+i7dsigog8BgeCxGXAMpSKqoBuAuziqnLh0pcdAYQ==",
      "cpu": [
        "x64"
      ],
      "dev": true,
      "license": "MIT",
      "optional": true,
      "os": [
        "win32"
      ]
    },
    "node_modules/@oven/bun-windows-x64-baseline": {
      "version": "1.1.21",
      "resolved": "https://registry.npmjs.org/@oven/bun-windows-x64-baseline/-/bun-windows-x64-baseline-1.1.21.tgz",
      "integrity": "sha512-xwPqSrcdSAJVmCnDlpvEWVHDSf9lmCBIcL5PtM9udrqTJOAVxiyQm0cpXjuv/h6MAZxt7rtt9YqrcK0ixA2xIQ==",
      "cpu": [
        "x64"
      ],
      "dev": true,
      "license": "MIT",
      "optional": true,
      "os": [
        "win32"
      ]
    },
    "node_modules/ansi-regex": {
      "version": "5.0.1",
      "license": "MIT",
      "engines": {
        "node": ">=8"
      }
    },
    "node_modules/ansi-styles": {
      "version": "4.3.0",
      "license": "MIT",
      "dependencies": {
        "color-convert": "^2.0.1"
      },
      "engines": {
        "node": ">=8"
      },
      "funding": {
        "url": "https://github.com/chalk/ansi-styles?sponsor=1"
      }
    },
    "node_modules/bun": {
      "version": "1.1.21",
      "resolved": "https://registry.npmjs.org/bun/-/bun-1.1.21.tgz",
      "integrity": "sha512-mvqYEvafGskIVTjlftbKvsXtyR6z/SQnhJsVw0xCU46pc56oX1sAGvaemWKOy/sy/gGMHcgLE0KUidDQQzqXWQ==",
      "cpu": [
        "arm64",
        "x64"
      ],
      "dev": true,
      "hasInstallScript": true,
      "license": "MIT",
      "os": [
        "darwin",
        "linux",
        "win32"
      ],
      "bin": {
        "bun": "bin/bun.exe",
        "bunx": "bin/bun.exe"
      },
      "optionalDependencies": {
        "@oven/bun-darwin-aarch64": "1.1.21",
        "@oven/bun-darwin-x64": "1.1.21",
        "@oven/bun-darwin-x64-baseline": "1.1.21",
        "@oven/bun-linux-aarch64": "1.1.21",
        "@oven/bun-linux-x64": "1.1.21",
        "@oven/bun-linux-x64-baseline": "1.1.21",
        "@oven/bun-windows-x64": "1.1.21",
        "@oven/bun-windows-x64-baseline": "1.1.21"
      }
    },
    "node_modules/cliui": {
      "version": "8.0.1",
      "license": "ISC",
      "dependencies": {
        "string-width": "^4.2.0",
        "strip-ansi": "^6.0.1",
        "wrap-ansi": "^7.0.0"
      },
      "engines": {
        "node": ">=12"
      }
    },
    "node_modules/color-convert": {
      "version": "2.0.1",
      "license": "MIT",
      "dependencies": {
        "color-name": "~1.1.4"
      },
      "engines": {
        "node": ">=7.0.0"
      }
    },
    "node_modules/color-name": {
      "version": "1.1.4",
      "license": "MIT"
    },
    "node_modules/emoji-regex": {
      "version": "8.0.0",
      "license": "MIT"
    },
    "node_modules/escalade": {
      "version": "3.1.1",
      "license": "MIT",
      "engines": {
        "node": ">=6"
      }
    },
    "node_modules/get-caller-file": {
      "version": "2.0.5",
      "license": "ISC",
      "engines": {
        "node": "6.* || 8.* || >= 10.*"
      }
    },
    "node_modules/is-fullwidth-code-point": {
      "version": "3.0.0",
      "license": "MIT",
      "engines": {
        "node": ">=8"
      }
    },
    "node_modules/require-directory": {
      "version": "2.1.1",
      "license": "MIT",
      "engines": {
        "node": ">=0.10.0"
      }
    },
    "node_modules/string-width": {
      "version": "4.2.3",
      "license": "MIT",
      "dependencies": {
        "emoji-regex": "^8.0.0",
        "is-fullwidth-code-point": "^3.0.0",
        "strip-ansi": "^6.0.1"
      },
      "engines": {
        "node": ">=8"
      }
    },
    "node_modules/strip-ansi": {
      "version": "6.0.1",
      "license": "MIT",
      "dependencies": {
        "ansi-regex": "^5.0.1"
      },
      "engines": {
        "node": ">=8"
      }
    },
    "node_modules/wrap-ansi": {
      "version": "7.0.0",
      "license": "MIT",
      "dependencies": {
        "ansi-styles": "^4.0.0",
        "string-width": "^4.1.0",
        "strip-ansi": "^6.0.0"
      },
      "engines": {
        "node": ">=10"
      },
      "funding": {
        "url": "https://github.com/chalk/wrap-ansi?sponsor=1"
      }
    },
    "node_modules/y18n": {
      "version": "5.0.8",
      "license": "ISC",
      "engines": {
        "node": ">=10"
      }
    },
    "node_modules/yargs": {
      "version": "17.7.2",
      "license": "MIT",
      "dependencies": {
        "cliui": "^8.0.1",
        "escalade": "^3.1.1",
        "get-caller-file": "^2.0.5",
        "require-directory": "^2.1.1",
        "string-width": "^4.2.3",
        "y18n": "^5.0.5",
        "yargs-parser": "^21.1.1"
      },
      "engines": {
        "node": ">=12"
      }
    },
    "node_modules/yargs-parser": {
      "version": "21.1.1",
      "license": "ISC",
      "engines": {
        "node": ">=12"
      }
    }
  }
}
